<?xml version="1.0" encoding="utf-8"?>
<Project ToolsVersion="4.0" xmlns="http://schemas.microsoft.com/developer/msbuild/2003">
  <ItemGroup>
    <Filter Include="Header Files">
      <UniqueIdentifier>{93995380-89BD-4b04-88EB-625FBE52EBFB}</UniqueIdentifier>
      <Extensions>h;hh;hpp;hxx;h++;hm;inl;inc;ipp;xsd</Extensions>
    </Filter>
    <Filter Include="Resource Files">
      <UniqueIdentifier>{67DA6AB6-F800-4c08-8B7A-83BB121AAD01}</UniqueIdentifier>
      <Extensions>rc;ico;cur;bmp;dlg;rc2;rct;bin;rgs;gif;jpg;jpeg;jpe;resx;tiff;tif;png;wav;mfcribbon-ms</Extensions>
    </Filter>
    <Filter Include="Header Files\RayLib">
      <UniqueIdentifier>{2f179593-5e9f-4095-be57-3f12f03a9705}</UniqueIdentifier>
    </Filter>
    <Filter Include="Resource Files\textures">
      <UniqueIdentifier>{2d4ce555-d6fc-4e9c-a30e-eadb4c1336d0}</UniqueIdentifier>
    </Filter>
    <Filter Include="Resource Files\audio">
      <UniqueIdentifier>{5f42ff18-01e2-4266-a4e0-6dc77ba54e75}</UniqueIdentifier>
    </Filter>
    <Filter Include="Source Files">
      <UniqueIdentifier>{4FC737F1-C7A5-4376-A066-2A32D752A2FF}</UniqueIdentifier>
      <Extensions>cpp;c;cc;cxx;c++;cppm;ixx;def;odl;idl;hpj;bat;asm;asmx</Extensions>
    </Filter>
  </ItemGroup>
  <ItemGroup>
    <ClCompile Include="src\main.cpp">
      <Filter>Source Files</Filter>
    </ClCompile>
    <ClCompile Include="src\game.cpp">
      <Filter>Source Files</Filter>
    </ClCompile>
    <ClCompile Include="src\menu.cpp">
      <Filter>Source Files</Filter>
    </ClCompile>
    <ClCompile Include="src\resource_loader.cpp">
      <Filter>Source Files</Filter>
    </ClCompile>
  </ItemGroup>
  <ItemGroup>
    <ClInclude Include="include\raylib.h">
      <Filter>Header Files\RayLib</Filter>
    </ClInclude>
    <ClInclude Include="include\raymath.h">
      <Filter>Header Files\RayLib</Filter>
    </ClInclude>
    <ClInclude Include="include\rlgl.h">
      <Filter>Header Files\RayLib</Filter>
    </ClInclude>
    <ClInclude Include="include\game.h">
      <Filter>Header Files</Filter>
    </ClInclude>
    <ClInclude Include="include\menu.h">
      <Filter>Header Files</Filter>
    </ClInclude>
    <ClInclude Include="include\resource.h">
      <Filter>Header Files</Filter>
    </ClInclude>
  </ItemGroup>
  <ItemGroup>
    <Image Include="assets\textures\ball\basic_ball_5.png">
      <Filter>Resource Files\textures</Filter>
    </Image>
    <Image Include="assets\textures\hud\line.png">
      <Filter>Resource Files\textures</Filter>
    </Image>
    <Image Include="assets\textures\paddles\basic_paddle.png">
      <Filter>Resource Files\textures</Filter>
    </Image>
    <Image Include="assets\textures\paddles\basic_paddle_2.png">
      <Filter>Resource Files\textures</Filter>
    </Image>
    <Image Include="assets\textures\spaces\basic_space.png">
      <Filter>Resource Files\textures</Filter>
    </Image>
    <Image Include="assets\textures\spaces\walls.png">
      <Filter>Resource Files\textures</Filter>
    </Image>
    <Image Include="icon.ico">
      <Filter>Resource Files</Filter>
    </Image>
    <Image Include="icon.jpg">
      <Filter>Resource Files</Filter>
    </Image>
  </ItemGroup>
  <ItemGroup>
    <None Include="assets\audio\banana_wall_hit.ogg">
      <Filter>Resource Files\audio</Filter>
    </None>
    <None Include="assets\audio\paddle_hit.ogg">
      <Filter>Resource Files\audio</Filter>
    </None>
    <None Include="assets\audio\score.ogg">
      <Filter>Resource Files\audio</Filter>
    </None>
    <None Include="assets\audio\wall_hit.ogg">
      <Filter>Resource Files\audio</Filter>
    </None>
  </ItemGroup>
  <ItemGroup>
    <ResourceCompile Include="resources.rc">
      <Filter>Resource Files</Filter>
    </ResourceCompile>
  </ItemGroup>
</Project>